// !$*UTF8*$!
{
	archiveVersion = 1;
	classes = {
	};
	objectVersion = 55;
	objects = {

/* Begin PBXBuildFile section */
		7B52231327AB535300EB4501 /* GeometryProxyApp.swift in Sources */ = {isa = PBXBuildFile; fileRef = 7B52231227AB535300EB4501 /* GeometryProxyApp.swift */; };
		7B52231527AB535300EB4501 /* ContentView.swift in Sources */ = {isa = PBXBuildFile; fileRef = 7B52231427AB535300EB4501 /* ContentView.swift */; };
		7B52231727AB535400EB4501 /* Assets.xcassets in Resources */ = {isa = PBXBuildFile; fileRef = 7B52231627AB535400EB4501 /* Assets.xcassets */; };
		7B52231A27AB535400EB4501 /* Preview Assets.xcassets in Resources */ = {isa = PBXBuildFile; fileRef = 7B52231927AB535400EB4501 /* Preview Assets.xcassets */; };
		7B52232427AB535400EB4501 /* GeometryProxyTests.swift in Sources */ = {isa = PBXBuildFile; fileRef = 7B52232327AB535400EB4501 /* GeometryProxyTests.swift */; };
		7B52232E27AB535400EB4501 /* GeometryProxyUITests.swift in Sources */ = {isa = PBXBuildFile; fileRef = 7B52232D27AB535400EB4501 /* GeometryProxyUITests.swift */; };
		7B52233027AB535400EB4501 /* GeometryProxyUITestsLaunchTests.swift in Sources */ = {isa = PBXBuildFile; fileRef = 7B52232F27AB535400EB4501 /* GeometryProxyUITestsLaunchTests.swift */; };
		7B52233D27AB55FC00EB4501 /* Volando.swift in Sources */ = {isa = PBXBuildFile; fileRef = 7B52233C27AB55FC00EB4501 /* Volando.swift */; };
/* End PBXBuildFile section */

/* Begin PBXContainerItemProxy section */
		7B52232027AB535400EB4501 /* PBXContainerItemProxy */ = {
			isa = PBXContainerItemProxy;
			containerPortal = 7B52230727AB535300EB4501 /* Project object */;
			proxyType = 1;
			remoteGlobalIDString = 7B52230E27AB535300EB4501;
			remoteInfo = GeometryProxy;
		};
		7B52232A27AB535400EB4501 /* PBXContainerItemProxy */ = {
			isa = PBXContainerItemProxy;
			containerPortal = 7B52230727AB535300EB4501 /* Project object */;
			proxyType = 1;
			remoteGlobalIDString = 7B52230E27AB535300EB4501;
			remoteInfo = GeometryProxy;
		};
/* End PBXContainerItemProxy section */

/* Begin PBXFileReference section */
		7B52230F27AB535300EB4501 /* GeometryProxy.app */ = {isa = PBXFileReference; explicitFileType = wrapper.application; includeInIndex = 0; path = GeometryProxy.app; sourceTree = BUILT_PRODUCTS_DIR; };
		7B52231227AB535300EB4501 /* GeometryProxyApp.swift */ = {isa = PBXFileReference; lastKnownFileType = sourcecode.swift; path = GeometryProxyApp.swift; sourceTree = "<group>"; };
		7B52231427AB535300EB4501 /* ContentView.swift */ = {isa = PBXFileReference; lastKnownFileType = sourcecode.swift; path = ContentView.swift; sourceTree = "<group>"; };
		7B52231627AB535400EB4501 /* Assets.xcassets */ = {isa = PBXFileReference; lastKnownFileType = folder.assetcatalog; path = Assets.xcassets; sourceTree = "<group>"; };
		7B52231927AB535400EB4501 /* Preview Assets.xcassets */ = {isa = PBXFileReference; lastKnownFileType = folder.assetcatalog; path = "Preview Assets.xcassets"; sourceTree = "<group>"; };
		7B52231F27AB535400EB4501 /* GeometryProxyTests.xctest */ = {isa = PBXFileReference; explicitFileType = wrapper.cfbundle; includeInIndex = 0; path = GeometryProxyTests.xctest; sourceTree = BUILT_PRODUCTS_DIR; };
		7B52232327AB535400EB4501 /* GeometryProxyTests.swift */ = {isa = PBXFileReference; lastKnownFileType = sourcecode.swift; path = GeometryProxyTests.swift; sourceTree = "<group>"; };
		7B52232927AB535400EB4501 /* GeometryProxyUITests.xctest */ = {isa = PBXFileReference; explicitFileType = wrapper.cfbundle; includeInIndex = 0; path = GeometryProxyUITests.xctest; sourceTree = BUILT_PRODUCTS_DIR; };
		7B52232D27AB535400EB4501 /* GeometryProxyUITests.swift */ = {isa = PBXFileReference; lastKnownFileType = sourcecode.swift; path = GeometryProxyUITests.swift; sourceTree = "<group>"; };
		7B52232F27AB535400EB4501 /* GeometryProxyUITestsLaunchTests.swift */ = {isa = PBXFileReference; lastKnownFileType = sourcecode.swift; path = GeometryProxyUITestsLaunchTests.swift; sourceTree = "<group>"; };
		7B52233C27AB55FC00EB4501 /* Volando.swift */ = {isa = PBXFileReference; lastKnownFileType = sourcecode.swift; path = Volando.swift; sourceTree = "<group>"; };
/* End PBXFileReference section */

/* Begin PBXFrameworksBuildPhase section */
		7B52230C27AB535300EB4501 /* Frameworks */ = {
			isa = PBXFrameworksBuildPhase;
			buildActionMask = 2147483647;
			files = (
			);
			runOnlyForDeploymentPostprocessing = 0;
		};
		7B52231C27AB535400EB4501 /* Frameworks */ = {
			isa = PBXFrameworksBuildPhase;
			buildActionMask = 2147483647;
			files = (
			);
			runOnlyForDeploymentPostprocessing = 0;
		};
		7B52232627AB535400EB4501 /* Frameworks */ = {
			isa = PBXFrameworksBuildPhase;
			buildActionMask = 2147483647;
			files = (
			);
			runOnlyForDeploymentPostprocessing = 0;
		};
/* End PBXFrameworksBuildPhase section */

/* Begin PBXGroup section */
		7B52230627AB535300EB4501 = {
			isa = PBXGroup;
			children = (
				7B52231127AB535300EB4501 /* GeometryProxy */,
				7B52232227AB535400EB4501 /* GeometryProxyTests */,
				7B52232C27AB535400EB4501 /* GeometryProxyUITests */,
				7B52231027AB535300EB4501 /* Products */,
			);
			sourceTree = "<group>";
		};
		7B52231027AB535300EB4501 /* Products */ = {
			isa = PBXGroup;
			children = (
				7B52230F27AB535300EB4501 /* GeometryProxy.app */,
				7B52231F27AB535400EB4501 /* GeometryProxyTests.xctest */,
				7B52232927AB535400EB4501 /* GeometryProxyUITests.xctest */,
			);
			name = Products;
			sourceTree = "<group>";
		};
		7B52231127AB535300EB4501 /* GeometryProxy */ = {
			isa = PBXGroup;
			children = (
				7B52231227AB535300EB4501 /* GeometryProxyApp.swift */,
				7B52231427AB535300EB4501 /* ContentView.swift */,
				7B52231627AB535400EB4501 /* Assets.xcassets */,
				7B52231827AB535400EB4501 /* Preview Content */,
				7B52233C27AB55FC00EB4501 /* Volando.swift */,
			);
			path = GeometryProxy;
			sourceTree = "<group>";
		};
		7B52231827AB535400EB4501 /* Preview Content */ = {
			isa = PBXGroup;
			children = (
				7B52231927AB535400EB4501 /* Preview Assets.xcassets */,
			);
			path = "Preview Content";
			sourceTree = "<group>";
		};
		7B52232227AB535400EB4501 /* GeometryProxyTests */ = {
			isa = PBXGroup;
			children = (
				7B52232327AB535400EB4501 /* GeometryProxyTests.swift */,
			);
			path = GeometryProxyTests;
			sourceTree = "<group>";
		};
		7B52232C27AB535400EB4501 /* GeometryProxyUITests */ = {
			isa = PBXGroup;
			children = (
				7B52232D27AB535400EB4501 /* GeometryProxyUITests.swift */,
				7B52232F27AB535400EB4501 /* GeometryProxyUITestsLaunchTests.swift */,
			);
			path = GeometryProxyUITests;
			sourceTree = "<group>";
		};
/* End PBXGroup section */

/* Begin PBXNativeTarget section */
		7B52230E27AB535300EB4501 /* GeometryProxy */ = {
			isa = PBXNativeTarget;
			buildConfigurationList = 7B52233327AB535400EB4501 /* Build configuration list for PBXNativeTarget "GeometryProxy" */;
			buildPhases = (
				7B52230B27AB535300EB4501 /* Sources */,
				7B52230C27AB535300EB4501 /* Frameworks */,
				7B52230D27AB535300EB4501 /* Resources */,
			);
			buildRules = (
			);
			dependencies = (
			);
			name = GeometryProxy;
			productName = GeometryProxy;
			productReference = 7B52230F27AB535300EB4501 /* GeometryProxy.app */;
			productType = "com.apple.product-type.application";
		};
		7B52231E27AB535400EB4501 /* GeometryProxyTests */ = {
			isa = PBXNativeTarget;
			buildConfigurationList = 7B52233627AB535400EB4501 /* Build configuration list for PBXNativeTarget "GeometryProxyTests" */;
			buildPhases = (
				7B52231B27AB535400EB4501 /* Sources */,
				7B52231C27AB535400EB4501 /* Frameworks */,
				7B52231D27AB535400EB4501 /* Resources */,
			);
			buildRules = (
			);
			dependencies = (
				7B52232127AB535400EB4501 /* PBXTargetDependency */,
			);
			name = GeometryProxyTests;
			productName = GeometryProxyTests;
			productReference = 7B52231F27AB535400EB4501 /* GeometryProxyTests.xctest */;
			productType = "com.apple.product-type.bundle.unit-test";
		};
		7B52232827AB535400EB4501 /* GeometryProxyUITests */ = {
			isa = PBXNativeTarget;
			buildConfigurationList = 7B52233927AB535400EB4501 /* Build configuration list for PBXNativeTarget "GeometryProxyUITests" */;
			buildPhases = (
				7B52232527AB535400EB4501 /* Sources */,
				7B52232627AB535400EB4501 /* Frameworks */,
				7B52232727AB535400EB4501 /* Resources */,
			);
			buildRules = (
			);
			dependencies = (
				7B52232B27AB535400EB4501 /* PBXTargetDependency */,
			);
			name = GeometryProxyUITests;
			productName = GeometryProxyUITests;
			productReference = 7B52232927AB535400EB4501 /* GeometryProxyUITests.xctest */;
			productType = "com.apple.product-type.bundle.ui-testing";
		};
/* End PBXNativeTarget section */

/* Begin PBXProject section */
		7B52230727AB535300EB4501 /* Project object */ = {
			isa = PBXProject;
			attributes = {
				BuildIndependentTargetsInParallel = 1;
				LastSwiftUpdateCheck = 1320;
				LastUpgradeCheck = 1320;
				TargetAttributes = {
					7B52230E27AB535300EB4501 = {
						CreatedOnToolsVersion = 13.2.1;
					};
					7B52231E27AB535400EB4501 = {
						CreatedOnToolsVersion = 13.2.1;
						TestTargetID = 7B52230E27AB535300EB4501;
					};
					7B52232827AB535400EB4501 = {
						CreatedOnToolsVersion = 13.2.1;
						TestTargetID = 7B52230E27AB535300EB4501;
					};
				};
			};
			buildConfigurationList = 7B52230A27AB535300EB4501 /* Build configuration list for PBXProject "GeometryProxy" */;
			compatibilityVersion = "Xcode 13.0";
			developmentRegion = en;
			hasScannedForEncodings = 0;
			knownRegions = (
				en,
				Base,
			);
			mainGroup = 7B52230627AB535300EB4501;
			productRefGroup = 7B52231027AB535300EB4501 /* Products */;
			projectDirPath = "";
			projectRoot = "";
			targets = (
				7B52230E27AB535300EB4501 /* GeometryProxy */,
				7B52231E27AB535400EB4501 /* GeometryProxyTests */,
				7B52232827AB535400EB4501 /* GeometryProxyUITests */,
			);
		};
/* End PBXProject section */

/* Begin PBXResourcesBuildPhase section */
		7B52230D27AB535300EB4501 /* Resources */ = {
			isa = PBXResourcesBuildPhase;
			buildActionMask = 2147483647;
			files = (
				7B52231A27AB535400EB4501 /* Preview Assets.xcassets in Resources */,
				7B52231727AB535400EB4501 /* Assets.xcassets in Resources */,
			);
			runOnlyForDeploymentPostprocessing = 0;
		};
		7B52231D27AB535400EB4501 /* Resources */ = {
			isa = PBXResourcesBuildPhase;
			buildActionMask = 2147483647;
			files = (
			);
			runOnlyForDeploymentPostprocessing = 0;
		};
		7B52232727AB535400EB4501 /* Resources */ = {
			isa = PBXResourcesBuildPhase;
			buildActionMask = 2147483647;
			files = (
			);
			runOnlyForDeploymentPostprocessing = 0;
		};
/* End PBXResourcesBuildPhase section */

/* Begin PBXSourcesBuildPhase section */
		7B52230B27AB535300EB4501 /* Sources */ = {
			isa = PBXSourcesBuildPhase;
			buildActionMask = 2147483647;
			files = (
				7B52231527AB535300EB4501 /* ContentView.swift in Sources */,
				7B52233D27AB55FC00EB4501 /* Volando.swift in Sources */,
				7B52231327AB535300EB4501 /* GeometryProxyApp.swift in Sources */,
			);
			runOnlyForDeploymentPostprocessing = 0;
		};
		7B52231B27AB535400EB4501 /* Sources */ = {
			isa = PBXSourcesBuildPhase;
			buildActionMask = 2147483647;
			files = (
				7B52232427AB535400EB4501 /* GeometryProxyTests.swift in Sources */,
			);
			runOnlyForDeploymentPostprocessing = 0;
		};
		7B52232527AB535400EB4501 /* Sources */ = {
			isa = PBXSourcesBuildPhase;
			buildActionMask = 2147483647;
			files = (
				7B52232E27AB535400EB4501 /* GeometryProxyUITests.swift in Sources */,
				7B52233027AB535400EB4501 /* GeometryProxyUITestsLaunchTests.swift in Sources */,
			);
			runOnlyForDeploymentPostprocessing = 0;
		};
/* End PBXSourcesBuildPhase section */

/* Begin PBXTargetDependency section */
		7B52232127AB535400EB4501 /* PBXTargetDependency */ = {
			isa = PBXTargetDependency;
			target = 7B52230E27AB535300EB4501 /* GeometryProxy */;
			targetProxy = 7B52232027AB535400EB4501 /* PBXContainerItemProxy */;
		};
		7B52232B27AB535400EB4501 /* PBXTargetDependency */ = {
			isa = PBXTargetDependency;
			target = 7B52230E27AB535300EB4501 /* GeometryProxy */;
			targetProxy = 7B52232A27AB535400EB4501 /* PBXContainerItemProxy */;
		};
/* End PBXTargetDependency section */

/* Begin XCBuildConfiguration section */
		7B52233127AB535400EB4501 /* Debug */ = {
			isa = XCBuildConfiguration;
			buildSettings = {
				ALWAYS_SEARCH_USER_PATHS = NO;
				CLANG_ANALYZER_NONNULL = YES;
				CLANG_ANALYZER_NUMBER_OBJECT_CONVERSION = YES_AGGRESSIVE;
				CLANG_CXX_LANGUAGE_STANDARD = "gnu++17";
				CLANG_CXX_LIBRARY = "libc++";
				CLANG_ENABLE_MODULES = YES;
				CLANG_ENABLE_OBJC_ARC = YES;
				CLANG_ENABLE_OBJC_WEAK = YES;
				CLANG_WARN_BLOCK_CAPTURE_AUTORELEASING = YES;
				CLANG_WARN_BOOL_CONVERSION = YES;
				CLANG_WARN_COMMA = YES;
				CLANG_WARN_CONSTANT_CONVERSION = YES;
				CLANG_WARN_DEPRECATED_OBJC_IMPLEMENTATIONS = YES;
				CLANG_WARN_DIRECT_OBJC_ISA_USAGE = YES_ERROR;
				CLANG_WARN_DOCUMENTATION_COMMENTS = YES;
				CLANG_WARN_EMPTY_BODY = YES;
				CLANG_WARN_ENUM_CONVERSION = YES;
				CLANG_WARN_INFINITE_RECURSION = YES;
				CLANG_WARN_INT_CONVERSION = YES;
				CLANG_WARN_NON_LITERAL_NULL_CONVERSION = YES;
				CLANG_WARN_OBJC_IMPLICIT_RETAIN_SELF = YES;
				CLANG_WARN_OBJC_LITERAL_CONVERSION = YES;
				CLANG_WARN_OBJC_ROOT_CLASS = YES_ERROR;
				CLANG_WARN_QUOTED_INCLUDE_IN_FRAMEWORK_HEADER = YES;
				CLANG_WARN_RANGE_LOOP_ANALYSIS = YES;
				CLANG_WARN_STRICT_PROTOTYPES = YES;
				CLANG_WARN_SUSPICIOUS_MOVE = YES;
				CLANG_WARN_UNGUARDED_AVAILABILITY = YES_AGGRESSIVE;
				CLANG_WARN_UNREACHABLE_CODE = YES;
				CLANG_WARN__DUPLICATE_METHOD_MATCH = YES;
				COPY_PHASE_STRIP = NO;
				DEBUG_INFORMATION_FORMAT = dwarf;
				ENABLE_STRICT_OBJC_MSGSEND = YES;
				ENABLE_TESTABILITY = YES;
				GCC_C_LANGUAGE_STANDARD = gnu11;
				GCC_DYNAMIC_NO_PIC = NO;
				GCC_NO_COMMON_BLOCKS = YES;
				GCC_OPTIMIZATION_LEVEL = 0;
				GCC_PREPROCESSOR_DEFINITIONS = (
					"DEBUG=1",
					"$(inherited)",
				);
				GCC_WARN_64_TO_32_BIT_CONVERSION = YES;
				GCC_WARN_ABOUT_RETURN_TYPE = YES_ERROR;
				GCC_WARN_UNDECLARED_SELECTOR = YES;
				GCC_WARN_UNINITIALIZED_AUTOS = YES_AGGRESSIVE;
				GCC_WARN_UNUSED_FUNCTION = YES;
				GCC_WARN_UNUSED_VARIABLE = YES;
				IPHONEOS_DEPLOYMENT_TARGET = 15.2;
				MTL_ENABLE_DEBUG_INFO = INCLUDE_SOURCE;
				MTL_FAST_MATH = YES;
				ONLY_ACTIVE_ARCH = YES;
				SDKROOT = iphoneos;
				SWIFT_ACTIVE_COMPILATION_CONDITIONS = DEBUG;
				SWIFT_OPTIMIZATION_LEVEL = "-Onone";
			};
			name = Debug;
		};
		7B52233227AB535400EB4501 /* Release */ = {
			isa = XCBuildConfiguration;
			buildSettings = {
				ALWAYS_SEARCH_USER_PATHS = NO;
				CLANG_ANALYZER_NONNULL = YES;
				CLANG_ANALYZER_NUMBER_OBJECT_CONVERSION = YES_AGGRESSIVE;
				CLANG_CXX_LANGUAGE_STANDARD = "gnu++17";
				CLANG_CXX_LIBRARY = "libc++";
				CLANG_ENABLE_MODULES = YES;
				CLANG_ENABLE_OBJC_ARC = YES;
				CLANG_ENABLE_OBJC_WEAK = YES;
				CLANG_WARN_BLOCK_CAPTURE_AUTORELEASING = YES;
				CLANG_WARN_BOOL_CONVERSION = YES;
				CLANG_WARN_COMMA = YES;
				CLANG_WARN_CONSTANT_CONVERSION = YES;
				CLANG_WARN_DEPRECATED_OBJC_IMPLEMENTATIONS = YES;
				CLANG_WARN_DIRECT_OBJC_ISA_USAGE = YES_ERROR;
				CLANG_WARN_DOCUMENTATION_COMMENTS = YES;
				CLANG_WARN_EMPTY_BODY = YES;
				CLANG_WARN_ENUM_CONVERSION = YES;
				CLANG_WARN_INFINITE_RECURSION = YES;
				CLANG_WARN_INT_CONVERSION = YES;
				CLANG_WARN_NON_LITERAL_NULL_CONVERSION = YES;
				CLANG_WARN_OBJC_IMPLICIT_RETAIN_SELF = YES;
				CLANG_WARN_OBJC_LITERAL_CONVERSION = YES;
				CLANG_WARN_OBJC_ROOT_CLASS = YES_ERROR;
				CLANG_WARN_QUOTED_INCLUDE_IN_FRAMEWORK_HEADER = YES;
				CLANG_WARN_RANGE_LOOP_ANALYSIS = YES;
				CLANG_WARN_STRICT_PROTOTYPES = YES;
				CLANG_WARN_SUSPICIOUS_MOVE = YES;
				CLANG_WARN_UNGUARDED_AVAILABILITY = YES_AGGRESSIVE;
				CLANG_WARN_UNREACHABLE_CODE = YES;
				CLANG_WARN__DUPLICATE_METHOD_MATCH = YES;
				COPY_PHASE_STRIP = NO;
				DEBUG_INFORMATION_FORMAT = "dwarf-with-dsym";
				ENABLE_NS_ASSERTIONS = NO;
				ENABLE_STRICT_OBJC_MSGSEND = YES;
				GCC_C_LANGUAGE_STANDARD = gnu11;
				GCC_NO_COMMON_BLOCKS = YES;
				GCC_WARN_64_TO_32_BIT_CONVERSION = YES;
				GCC_WARN_ABOUT_RETURN_TYPE = YES_ERROR;
				GCC_WARN_UNDECLARED_SELECTOR = YES;
				GCC_WARN_UNINITIALIZED_AUTOS = YES_AGGRESSIVE;
				GCC_WARN_UNUSED_FUNCTION = YES;
				GCC_WARN_UNUSED_VARIABLE = YES;
				IPHONEOS_DEPLOYMENT_TARGET = 15.2;
				MTL_ENABLE_DEBUG_INFO = NO;
				MTL_FAST_MATH = YES;
				SDKROOT = iphoneos;
				SWIFT_COMPILATION_MODE = wholemodule;
				SWIFT_OPTIMIZATION_LEVEL = "-O";
				VALIDATE_PRODUCT = YES;
			};
			name = Release;
		};
		7B52233427AB535400EB4501 /* Debug */ = {
			isa = XCBuildConfiguration;
			buildSettings = {
				ASSETCATALOG_COMPILER_APPICON_NAME = AppIcon;
				ASSETCATALOG_COMPILER_GLOBAL_ACCENT_COLOR_NAME = AccentColor;
				CODE_SIGN_STYLE = Automatic;
				CURRENT_PROJECT_VERSION = 1;
				DEVELOPMENT_ASSET_PATHS = "\"GeometryProxy/Preview Content\"";
				ENABLE_PREVIEWS = YES;
				GENERATE_INFOPLIST_FILE = YES;
				INFOPLIST_KEY_UIApplicationSceneManifest_Generation = YES;
				INFOPLIST_KEY_UIApplicationSupportsIndirectInputEvents = YES;
				INFOPLIST_KEY_UILaunchScreen_Generation = YES;
				INFOPLIST_KEY_UISupportedInterfaceOrientations_iPad = "UIInterfaceOrientationPortrait UIInterfaceOrientationPortraitUpsideDown UIInterfaceOrientationLandscapeLeft UIInterfaceOrientationLandscapeRight";
				INFOPLIST_KEY_UISupportedInterfaceOrientations_iPhone = "UIInterfaceOrientationPortrait UIInterfaceOrientationLandscapeLeft UIInterfaceOrientationLandscapeRight";
				LD_RUNPATH_SEARCH_PATHS = (
					"$(inherited)",
					"@executable_path/Frameworks",
				);
				MARKETING_VERSION = 1.0;
				PRODUCT_BUNDLE_IDENTIFIER = n.GeometryProxy;
				PRODUCT_NAME = "$(TARGET_NAME)";
				SWIFT_EMIT_LOC_STRINGS = YES;
				SWIFT_VERSION = 5.0;
				TARGETED_DEVICE_FAMILY = "1,2";
			};
			name = Debug;
		};
		7B52233527AB535400EB4501 /* Release */ = {
			isa = XCBuildConfiguration;
			buildSettings = {
				ASSETCATALOG_COMPILER_APPICON_NAME = AppIcon;
				ASSETCATALOG_COMPILER_GLOBAL_ACCENT_COLOR_NAME = AccentColor;
				CODE_SIGN_STYLE = Automatic;
				CURRENT_PROJECT_VERSION = 1;
				DEVELOPMENT_ASSET_PATHS = "\"GeometryProxy/Preview Content\"";
				ENABLE_PREVIEWS = YES;
				GENERATE_INFOPLIST_FILE = YES;
				INFOPLIST_KEY_UIApplicationSceneManifest_Generation = YES;
				INFOPLIST_KEY_UIApplicationSupportsIndirectInputEvents = YES;
				INFOPLIST_KEY_UILaunchScreen_Generation = YES;
				INFOPLIST_KEY_UISupportedInterfaceOrientations_iPad = "UIInterfaceOrientationPortrait UIInterfaceOrientationPortraitUpsideDown UIInterfaceOrientationLandscapeLeft UIInterfaceOrientationLandscapeRight";
				INFOPLIST_KEY_UISupportedInterfaceOrientations_iPhone = "UIInterfaceOrientationPortrait UIInterfaceOrientationLandscapeLeft UIInterfaceOrientationLandscapeRight";
				LD_RUNPATH_SEARCH_PATHS = (
					"$(inherited)",
					"@executable_path/Frameworks",
				);
				MARKETING_VERSION = 1.0;
				PRODUCT_BUNDLE_IDENTIFIER = n.GeometryProxy;
				PRODUCT_NAME = "$(TARGET_NAME)";
				SWIFT_EMIT_LOC_STRINGS = YES;
				SWIFT_VERSION = 5.0;
				TARGETED_DEVICE_FAMILY = "1,2";
			};
			name = Release;
		};
		7B52233727AB535400EB4501 /* Debug */ = {
			isa = XCBuildConfiguration;
			buildSettings = {
				ALWAYS_EMBED_SWIFT_STANDARD_LIBRARIES = YES;
				BUNDLE_LOADER = "$(TEST_HOST)";
				CODE_SIGN_STYLE = Automatic;
				CURRENT_PROJECT_VERSION = 1;
				GENERATE_INFOPLIST_FILE = YES;
				IPHONEOS_DEPLOYMENT_TARGET = 15.2;
				MARKETING_VERSION = 1.0;
				PRODUCT_BUNDLE_IDENTIFIER = n.GeometryProxyTests;
				PRODUCT_NAME = "$(TARGET_NAME)";
				SWIFT_EMIT_LOC_STRINGS = NO;
				SWIFT_VERSION = 5.0;
				TARGETED_DEVICE_FAMILY = "1,2";
				TEST_HOST = "$(BUILT_PRODUCTS_DIR)/GeometryProxy.app/GeometryProxy";
			};
			name = Debug;
		};
		7B52233827AB535400EB4501 /* Release */ = {
			isa = XCBuildConfiguration;
			buildSettings = {
				ALWAYS_EMBED_SWIFT_STANDARD_LIBRARIES = YES;
				BUNDLE_LOADER = "$(TEST_HOST)";
				CODE_SIGN_STYLE = Automatic;
				CURRENT_PROJECT_VERSION = 1;
				GENERATE_INFOPLIST_FILE = YES;
				IPHONEOS_DEPLOYMENT_TARGET = 15.2;
				MARKETING_VERSION = 1.0;
				PRODUCT_BUNDLE_IDENTIFIER = n.GeometryProxyTests;
				PRODUCT_NAME = "$(TARGET_NAME)";
				SWIFT_EMIT_LOC_STRINGS = NO;
				SWIFT_VERSION = 5.0;
				TARGETED_DEVICE_FAMILY = "1,2";
				TEST_HOST = "$(BUILT_PRODUCTS_DIR)/GeometryProxy.app/GeometryProxy";
			};
			name = Release;
		};
		7B52233A27AB535400EB4501 /* Debug */ = {
			isa = XCBuildConfiguration;
			buildSettings = {
				ALWAYS_EMBED_SWIFT_STANDARD_LIBRARIES = YES;
				CODE_SIGN_STYLE = Automatic;
				CURRENT_PROJECT_VERSION = 1;
				GENERATE_INFOPLIST_FILE = YES;
				MARKETING_VERSION = 1.0;
				PRODUCT_BUNDLE_IDENTIFIER = n.GeometryProxyUITests;
				PRODUCT_NAME = "$(TARGET_NAME)";
				SWIFT_EMIT_LOC_STRINGS = NO;
				SWIFT_VERSION = 5.0;
				TARGETED_DEVICE_FAMILY = "1,2";
				TEST_TARGET_NAME = GeometryProxy;
			};
			name = Debug;
		};
		7B52233B27AB535400EB4501 /* Release */ = {
			isa = XCBuildConfiguration;
			buildSettings = {
				ALWAYS_EMBED_SWIFT_STANDARD_LIBRARIES = YES;
				CODE_SIGN_STYLE = Automatic;
				CURRENT_PROJECT_VERSION = 1;
				GENERATE_INFOPLIST_FILE = YES;
				MARKETING_VERSION = 1.0;
				PRODUCT_BUNDLE_IDENTIFIER = n.GeometryProxyUITests;
				PRODUCT_NAME = "$(TARGET_NAME)";
				SWIFT_EMIT_LOC_STRINGS = NO;
				SWIFT_VERSION = 5.0;
				TARGETED_DEVICE_FAMILY = "1,2";
				TEST_TARGET_NAME = GeometryProxy;
			};
			name = Release;
		};
/* End XCBuildConfiguration section */

/* Begin XCConfigurationList section */
		7B52230A27AB535300EB4501 /* Build configuration list for PBXProject "GeometryProxy" */ = {
			isa = XCConfigurationList;
			buildConfigurations = (
				7B52233127AB535400EB4501 /* Debug */,
				7B52233227AB535400EB4501 /* Release */,
			);
			defaultConfigurationIsVisible = 0;
			defaultConfigurationName = Release;
		};
		7B52233327AB535400EB4501 /* Build configuration list for PBXNativeTarget "GeometryProxy" */ = {
			isa = XCConfigurationList;
			buildConfigurations = (
				7B52233427AB535400EB4501 /* Debug */,
				7B52233527AB535400EB4501 /* Release */,
			);
			defaultConfigurationIsVisible = 0;
			defaultConfigurationName = Release;
		};
		7B52233627AB535400EB4501 /* Build configuration list for PBXNativeTarget "GeometryProxyTests" */ = {
			isa = XCConfigurationList;
			buildConfigurations = (
				7B52233727AB535400EB4501 /* Debug */,
				7B52233827AB535400EB4501 /* Release */,
			);
			defaultConfigurationIsVisible = 0;
			defaultConfigurationName = Release;
		};
		7B52233927AB535400EB4501 /* Build configuration list for PBXNativeTarget "GeometryProxyUITests" */ = {
			isa = XCConfigurationList;
			buildConfigurations = (
				7B52233A27AB535400EB4501 /* Debug */,
				7B52233B27AB535400EB4501 /* Release */,
			);
			defaultConfigurationIsVisible = 0;
			defaultConfigurationName = Release;
		};
/* End XCConfigurationList section */
	};
	rootObject = 7B52230727AB535300EB4501 /* Project object */;
}
